<?xml version="1.0" encoding="utf-8"?>
<Project ToolsVersion="4.0" xmlns="http://schemas.microsoft.com/developer/msbuild/2003">
  <ItemGroup>
    <Filter Include="Source Files">
      <UniqueIdentifier>{4FC737F1-C7A5-4376-A066-2A32D752A2FF}</UniqueIdentifier>
      <Extensions>cpp;c;cc;cxx;def;odl;idl;hpj;bat;asm;asmx</Extensions>
    </Filter>
    <Filter Include="Header Files">
      <UniqueIdentifier>{93995380-89BD-4b04-88EB-625FBE52EBFB}</UniqueIdentifier>
      <Extensions>h;hh;hpp;hxx;hm;inl;inc;xsd</Extensions>
    </Filter>
    <Filter Include="Resource Files">
      <UniqueIdentifier>{67DA6AB6-F800-4c08-8B7A-83BB121AAD01}</UniqueIdentifier>
      <Extensions>rc;ico;cur;bmp;dlg;rc2;rct;bin;rgs;gif;jpg;jpeg;jpe;resx;tiff;tif;png;wav;mfcribbon-ms</Extensions>
    </Filter>
    <Filter Include="Physical">
      <UniqueIdentifier>{db6538ee-3b17-4025-afb4-3e352ff9af20}</UniqueIdentifier>
    </Filter>
    <Filter Include="Physical\InProcess">
      <UniqueIdentifier>{36332e06-fdb1-45ec-ab9d-60e72f542703}</UniqueIdentifier>
    </Filter>
    <Filter Include="Message">
      <UniqueIdentifier>{9d38f30b-cc0d-4793-af68-9efad7d3ee1b}</UniqueIdentifier>
    </Filter>
    <Filter Include="Physical\TCP">
      <UniqueIdentifier>{2fddce27-32ea-40dc-b670-a4209968ac63}</UniqueIdentifier>
    </Filter>
    <Filter Include="Physical\TCP\Server">
      <UniqueIdentifier>{03801cf3-c2ba-49a8-bf64-0d4d09d09dd8}</UniqueIdentifier>
    </Filter>
    <Filter Include="Physical\TCP\Client">
      <UniqueIdentifier>{26e31139-c39e-4f65-80c9-45bc0e381fa3}</UniqueIdentifier>
    </Filter>
    <Filter Include="OSAPI">
      <UniqueIdentifier>{dfd72f99-cbe8-40b2-ace6-73b7cda402e6}</UniqueIdentifier>
    </Filter>
    <Filter Include="OSAPI\Socket">
      <UniqueIdentifier>{20a6d96e-2d45-4681-bd3d-daf9fe8716cb}</UniqueIdentifier>
    </Filter>
    <Filter Include="OSAPI\Windows">
      <UniqueIdentifier>{798749a9-7772-4bec-9cb2-b79bbc81e32c}</UniqueIdentifier>
    </Filter>
    <Filter Include="Parser">
      <UniqueIdentifier>{55d9f196-96a8-408d-9bf5-f35f4515f44b}</UniqueIdentifier>
    </Filter>
  </ItemGroup>
  <ItemGroup>
    <ClInclude Include="Physical\Physical.h">
      <Filter>Physical</Filter>
    </ClInclude>
    <ClInclude Include="Physical\InProcess\InProcess.h">
      <Filter>Physical\InProcess</Filter>
    </ClInclude>
    <ClInclude Include="Message.h">
      <Filter>Message</Filter>
    </ClInclude>
    <ClInclude Include="Transporter.h">
      <Filter>Header Files</Filter>
    </ClInclude>
    <ClInclude Include="Physical\TCP\Server\Server.h">
      <Filter>Physical\TCP\Server</Filter>
    </ClInclude>
    <ClInclude Include="Physical\TCP\Client\Client.h">
      <Filter>Physical\TCP\Client</Filter>
    </ClInclude>
    <ClInclude Include="OSAPI\OSAPI.h">
      <Filter>OSAPI</Filter>
    </ClInclude>
    <ClInclude Include="DataType.h">
      <Filter>Header Files</Filter>
    </ClInclude>
    <ClInclude Include="OSAPI\Socket\Socket.h">
      <Filter>OSAPI\Socket</Filter>
    </ClInclude>
    <ClInclude Include="OSAPI\Socket\Structs.h">
      <Filter>OSAPI\Socket</Filter>
    </ClInclude>
    <ClInclude Include="OSAPI\SocketAPI.h">
      <Filter>OSAPI</Filter>
    </ClInclude>
    <ClInclude Include="OSAPI\Windows\Windows.h">
      <Filter>OSAPI\Windows</Filter>
    </ClInclude>
    <ClInclude Include="Parser\Parser.h">
      <Filter>Parser</Filter>
    </ClInclude>
  </ItemGroup>
  <ItemGroup>
    <ClCompile Include="Physical\Physical.cpp">
      <Filter>Physical</Filter>
    </ClCompile>
    <ClCompile Include="Physical\InProcess\InProcess.cpp">
      <Filter>Physical\InProcess</Filter>
    </ClCompile>
    <ClCompile Include="Message.cpp">
      <Filter>Message</Filter>
    </ClCompile>
    <ClCompile Include="Transporter.cpp">
      <Filter>Source Files</Filter>
    </ClCompile>
    <ClCompile Include="Physical\TCP\Server\Server.cpp">
      <Filter>Physical\TCP\Server</Filter>
    </ClCompile>
    <ClCompile Include="Physical\TCP\Client\Client.cpp">
      <Filter>Physical\TCP\Client</Filter>
    </ClCompile>
    <ClCompile Include="OSAPI\Socket\Socket.cpp">
      <Filter>OSAPI\Socket</Filter>
    </ClCompile>
    <ClCompile Include="OSAPI\Windows\Windows.cpp">
      <Filter>OSAPI\Windows</Filter>
    </ClCompile>
    <ClCompile Include="OSAPI\OSAPI.cpp">
      <Filter>OSAPI</Filter>
    </ClCompile>
    <ClCompile Include="Parser\Parser.cpp">
      <Filter>Parser</Filter>
    </ClCompile>
  </ItemGroup>
</Project>